
Microsoft Visual Studio Solution File, Format Version 9.00
# Visual Studio 2005
Project("{8BC9CEB8-8B4A-11D0-8D11-00A0C91BC942}") = "WebKitTestRunner", "win\WebKitTestRunner.vcproj", "{3B99669B-1817-443B-BCBE-835580146668}"
	ProjectSection(ProjectDependencies) = postProject
		{CBC3391C-F060-4BF5-A66E-81404168816B} = {CBC3391C-F060-4BF5-A66E-81404168816B}
	EndProjectSection
EndProject
Project("{8BC9CEB8-8B4A-11D0-8D11-00A0C91BC942}") = "InjectedBundleGenerated", "win\InjectedBundleGenerated.vcproj", "{4343BC0B-A2E0-4B48-8277-F33CFBFA83CD}"
	ProjectSection(ProjectDependencies) = postProject
		{C0737398-3565-439E-A2B8-AB2BE4D5430C} = {C0737398-3565-439E-A2B8-AB2BE4D5430C}
	EndProjectSection
EndProject
Project("{8BC9CEB8-8B4A-11D0-8D11-00A0C91BC942}") = "ImageDiff", "..\DumpRenderTree\win\ImageDiff.vcproj", "{59CC0547-70AC-499C-9B19-EC01C6F61137}"
EndProject
Project("{8BC9CEB8-8B4A-11D0-8D11-00A0C91BC942}") = "InjectedBundle", "win\InjectedBundle.vcproj", "{CBC3391C-F060-4BF5-A66E-81404168816B}"
	ProjectSection(ProjectDependencies) = postProject
		{4343BC0B-A2E0-4B48-8277-F33CFBFA83CD} = {4343BC0B-A2E0-4B48-8277-F33CFBFA83CD}
	EndProjectSection
EndProject
Project("{8BC9CEB8-8B4A-11D0-8D11-00A0C91BC942}") = "TestNetscapePlugin", "..\DumpRenderTree\TestNetscapePlugIn\win\TestNetscapePlugin.vcproj", "{C0737398-3565-439E-A2B8-AB2BE4D5430C}"
	ProjectSection(ProjectDependencies) = postProject
		{DD7949B6-F2B4-47C2-9C42-E21E84CB1017} = {DD7949B6-F2B4-47C2-9C42-E21E84CB1017}
	EndProjectSection
EndProject
Project("{8BC9CEB8-8B4A-11D0-8D11-00A0C91BC942}") = "WebKitTestRunnerLauncher", "win\WebKitTestRunnerLauncher.vcproj", "{C13FA6EF-B531-4BAD-9A23-18E2BEB8B040}"
	ProjectSection(ProjectDependencies) = postProject
		{3B99669B-1817-443B-BCBE-835580146668} = {3B99669B-1817-443B-BCBE-835580146668}
	EndProjectSection
EndProject
Project("{8BC9CEB8-8B4A-11D0-8D11-00A0C91BC942}") = "ImageDiffLauncher", "..\DumpRenderTree\win\ImageDiffLauncher.vcproj", "{DD7949B6-F2B4-47C2-9C42-E21E84CB1017}"
	ProjectSection(ProjectDependencies) = postProject
		{59CC0547-70AC-499C-9B19-EC01C6F61137} = {59CC0547-70AC-499C-9B19-EC01C6F61137}
	EndProjectSection
EndProject
Global
	GlobalSection(SolutionConfigurationPlatforms) = preSolution
		Debug_All|Win32 = Debug_All|Win32
		Debug|Win32 = Debug|Win32
		Production|Win32 = Production|Win32
		Release|Win32 = Release|Win32
	EndGlobalSection
	GlobalSection(ProjectConfigurationPlatforms) = postSolution
		{3B99669B-1817-443B-BCBE-835580146668}.Debug_All|Win32.ActiveCfg = Debug_All|Win32
		{3B99669B-1817-443B-BCBE-835580146668}.Debug_All|Win32.Build.0 = Debug_All|Win32
		{3B99669B-1817-443B-BCBE-835580146668}.Debug|Win32.ActiveCfg = Debug|Win32
		{3B99669B-1817-443B-BCBE-835580146668}.Debug|Win32.Build.0 = Debug|Win32
		{3B99669B-1817-443B-BCBE-835580146668}.Production|Win32.ActiveCfg = Production|Win32
		{3B99669B-1817-443B-BCBE-835580146668}.Production|Win32.Build.0 = Production|Win32
		{3B99669B-1817-443B-BCBE-835580146668}.Release|Win32.ActiveCfg = Release|Win32
		{3B99669B-1817-443B-BCBE-835580146668}.Release|Win32.Build.0 = Release|Win32
		{4343BC0B-A2E0-4B48-8277-F33CFBFA83CD}.Debug_All|Win32.ActiveCfg = Debug_All|Win32
		{4343BC0B-A2E0-4B48-8277-F33CFBFA83CD}.Debug_All|Win32.Build.0 = Debug_All|Win32
		{4343BC0B-A2E0-4B48-8277-F33CFBFA83CD}.Debug|Win32.ActiveCfg = Debug|Win32
		{4343BC0B-A2E0-4B48-8277-F33CFBFA83CD}.Debug|Win32.Build.0 = Debug|Win32
		{4343BC0B-A2E0-4B48-8277-F33CFBFA83CD}.Production|Win32.ActiveCfg = Production|Win32
		{4343BC0B-A2E0-4B48-8277-F33CFBFA83CD}.Production|Win32.Build.0 = Production|Win32
		{4343BC0B-A2E0-4B48-8277-F33CFBFA83CD}.Release|Win32.ActiveCfg = Release|Win32
		{4343BC0B-A2E0-4B48-8277-F33CFBFA83CD}.Release|Win32.Build.0 = Release|Win32
		{59CC0547-70AC-499C-9B19-EC01C6F61137}.Debug_All|Win32.ActiveCfg = Debug_All|Win32
		{59CC0547-70AC-499C-9B19-EC01C6F61137}.Debug_All|Win32.Build.0 = Debug_All|Win32
		{59CC0547-70AC-499C-9B19-EC01C6F61137}.Debug|Win32.ActiveCfg = Debug|Win32
		{59CC0547-70AC-499C-9B19-EC01C6F61137}.Debug|Win32.Build.0 = Debug|Win32
		{59CC0547-70AC-499C-9B19-EC01C6F61137}.Production|Win32.ActiveCfg = Production|Win32
		{59CC0547-70AC-499C-9B19-EC01C6F61137}.Production|Win32.Build.0 = Production|Win32
		{59CC0547-70AC-499C-9B19-EC01C6F61137}.Release|Win32.ActiveCfg = Release|Win32
		{59CC0547-70AC-499C-9B19-EC01C6F61137}.Release|Win32.Build.0 = Release|Win32
		{CBC3391C-F060-4BF5-A66E-81404168816B}.Debug_All|Win32.ActiveCfg = Debug_All|Win32
		{CBC3391C-F060-4BF5-A66E-81404168816B}.Debug_All|Win32.Build.0 = Debug_All|Win32
		{CBC3391C-F060-4BF5-A66E-81404168816B}.Debug|Win32.ActiveCfg = Debug|Win32
		{CBC3391C-F060-4BF5-A66E-81404168816B}.Debug|Win32.Build.0 = Debug|Win32
		{CBC3391C-F060-4BF5-A66E-81404168816B}.Production|Win32.ActiveCfg = Production|Win32
		{CBC3391C-F060-4BF5-A66E-81404168816B}.Production|Win32.Build.0 = Production|Win32
		{CBC3391C-F060-4BF5-A66E-81404168816B}.Release|Win32.ActiveCfg = Release|Win32
		{CBC3391C-F060-4BF5-A66E-81404168816B}.Release|Win32.Build.0 = Release|Win32
		{C0737398-3565-439E-A2B8-AB2BE4D5430C}.Debug_All|Win32.ActiveCfg = Debug_All|Win32
		{C0737398-3565-439E-A2B8-AB2BE4D5430C}.Debug_All|Win32.Build.0 = Debug_All|Win32
		{C0737398-3565-439E-A2B8-AB2BE4D5430C}.Debug|Win32.ActiveCfg = Debug|Win32
		{C0737398-3565-439E-A2B8-AB2BE4D5430C}.Debug|Win32.Build.0 = Debug|Win32
		{C0737398-3565-439E-A2B8-AB2BE4D5430C}.Production|Win32.ActiveCfg = Production|Win32
		{C0737398-3565-439E-A2B8-AB2BE4D5430C}.Production|Win32.Build.0 = Production|Win32
		{C0737398-3565-439E-A2B8-AB2BE4D5430C}.Release|Win32.ActiveCfg = Release|Win32
		{C0737398-3565-439E-A2B8-AB2BE4D5430C}.Release|Win32.Build.0 = Release|Win32
		{C13FA6EF-B531-4BAD-9A23-18E2BEB8B040}.Debug_All|Win32.ActiveCfg = Debug_All|Win32
		{C13FA6EF-B531-4BAD-9A23-18E2BEB8B040}.Debug_All|Win32.Build.0 = Debug_All|Win32
		{C13FA6EF-B531-4BAD-9A23-18E2BEB8B040}.Debug|Win32.ActiveCfg = Debug|Win32
		{C13FA6EF-B531-4BAD-9A23-18E2BEB8B040}.Debug|Win32.Build.0 = Debug|Win32
		{C13FA6EF-B531-4BAD-9A23-18E2BEB8B040}.Production|Win32.ActiveCfg = Production|Win32
		{C13FA6EF-B531-4BAD-9A23-18E2BEB8B040}.Production|Win32.Build.0 = Production|Win32
		{C13FA6EF-B531-4BAD-9A23-18E2BEB8B040}.Release|Win32.ActiveCfg = Release|Win32
		{C13FA6EF-B531-4BAD-9A23-18E2BEB8B040}.Release|Win32.Build.0 = Release|Win32
		{DD7949B6-F2B4-47C2-9C42-E21E84CB1017}.Debug_All|Win32.ActiveCfg = Debug_All|Win32
		{DD7949B6-F2B4-47C2-9C42-E21E84CB1017}.Debug_All|Win32.Build.0 = Debug_All|Win32
		{DD7949B6-F2B4-47C2-9C42-E21E84CB1017}.Debug|Win32.ActiveCfg = Debug|Win32
		{DD7949B6-F2B4-47C2-9C42-E21E84CB1017}.Debug|Win32.Build.0 = Debug|Win32
		{DD7949B6-F2B4-47C2-9C42-E21E84CB1017}.Production|Win32.ActiveCfg = Production|Win32
		{DD7949B6-F2B4-47C2-9C42-E21E84CB1017}.Production|Win32.Build.0 = Production|Win32
		{DD7949B6-F2B4-47C2-9C42-E21E84CB1017}.Release|Win32.ActiveCfg = Release|Win32
		{DD7949B6-F2B4-47C2-9C42-E21E84CB1017}.Release|Win32.Build.0 = Release|Win32
	EndGlobalSection
	GlobalSection(SolutionProperties) = preSolution
		HideSolutionNode = FALSE
	EndGlobalSection
EndGlobal
